<?xml version="1.0" encoding="utf-8"?>
<Project ToolsVersion="4.0" xmlns="http://schemas.microsoft.com/developer/msbuild/2003">
  <ItemGroup>
    <Filter Include="Header Files">
      <UniqueIdentifier>{21EB8090-0D4E-1035-B6D3-48EBA215DCB7}</UniqueIdentifier>
    </Filter>
    <Filter Include="Source Files">
      <UniqueIdentifier>{E9C7FDCE-D52A-8D73-7EB0-C5296AF258F6}</UniqueIdentifier>
    </Filter>
  </ItemGroup>
  <ItemGroup>
    <ClInclude Include="..\game\src\screens.h">
      <Filter>Header Files</Filter>
    </ClInclude>
    <ClInclude Include="..\game\src\Asteroids.h">
      <Filter>Header Files</Filter>
    </ClInclude>
    <ClInclude Include="..\game\src\Bonus.h">
      <Filter>Header Files</Filter>
    </ClInclude>
    <ClInclude Include="..\game\src\GlobalContainers.h">
      <Filter>Header Files</Filter>
    </ClInclude>
    <ClInclude Include="..\game\src\GUI.h">
      <Filter>Header Files</Filter>
    </ClInclude>
    <ClInclude Include="..\game\src\Meteor.h">
      <Filter>Header Files</Filter>
    </ClInclude>
    <ClInclude Include="..\game\src\Observer.h">
      <Filter>Header Files</Filter>
    </ClInclude>
    <ClInclude Include="..\game\src\Player.h">
      <Filter>Header Files</Filter>
    </ClInclude>
    <ClInclude Include="..\game\src\RenderObject.h">
      <Filter>Header Files</Filter>
    </ClInclude>
    <ClInclude Include="..\game\src\Screen.h">
      <Filter>Header Files</Filter>
    </ClInclude>
    <ClInclude Include="..\game\src\ScreenEnding.h">
      <Filter>Header Files</Filter>
    </ClInclude>
    <ClInclude Include="..\game\src\ScreenGameplay.h">
      <Filter>Header Files</Filter>
    </ClInclude>
    <ClInclude Include="..\game\src\ScreenLogo.h">
      <Filter>Header Files</Filter>
    </ClInclude>
    <ClInclude Include="..\game\src\ScreenTitle.h">
      <Filter>Header Files</Filter>
    </ClInclude>
    <ClInclude Include="..\game\src\Subject.h">
      <Filter>Header Files</Filter>
    </ClInclude>
    <ClInclude Include="..\game\src\Torpedo.h">
      <Filter>Header Files</Filter>
    </ClInclude>
    <ClInclude Include="..\game\src\Utils.h">
      <Filter>Header Files</Filter>
    </ClInclude>
  </ItemGroup>
  <ItemGroup>
    <ClCompile Include="..\game\src\Asteroids.cpp" />
    <ClCompile Include="..\game\src\Bonus.cpp" />
    <ClCompile Include="..\game\src\GlobalContainers.cpp" />
    <ClCompile Include="..\game\src\GUI.cpp" />
    <ClCompile Include="..\game\src\main.cpp" />
    <ClCompile Include="..\game\src\Meteor.cpp" />
    <ClCompile Include="..\game\src\Player.cpp" />
    <ClCompile Include="..\game\src\RenderObject.cpp" />
    <ClCompile Include="..\game\src\Screen.cpp" />
    <ClCompile Include="..\game\src\screen_ending.cpp" />
    <ClCompile Include="..\game\src\screen_gameplay.cpp" />
    <ClCompile Include="..\game\src\screen_logo.cpp" />
    <ClCompile Include="..\game\src\screen_options.cpp" />
    <ClCompile Include="..\game\src\screen_title.cpp" />
    <ClCompile Include="..\game\src\ScreenEnding.cpp" />
    <ClCompile Include="..\game\src\ScreenGameplay.cpp" />
    <ClCompile Include="..\game\src\ScreenLogo.cpp" />
    <ClCompile Include="..\game\src\ScreenTitle.cpp" />
    <ClCompile Include="..\game\src\Subject.cpp" />
    <ClCompile Include="..\game\src\Torpedo.cpp" />
  </ItemGroup>
</Project>